
Microsoft Visual Studio Solution File, Format Version 12.00
# Visual Studio Version 16
VisualStudioVersion = 16.0.30225.117
MinimumVisualStudioVersion = 10.0.40219.1
Project("{9A19103F-16F7-4668-BE54-9A1E7A4F7556}") = "Frank.TorrentClient", "Frank.TorrentClient\Frank.TorrentClient.csproj", "{5C1F9155-4E73-4278-B64C-3DFD264800DA}"
EndProject
Project("{9A19103F-16F7-4668-BE54-9A1E7A4F7556}") = "Frank.TorrentClient.Cli", "Frank.TorrentClient.Cli\Frank.TorrentClient.Cli.csproj", "{C4F2E7D2-8510-49F2-9858-A1A4CD389D1D}"
EndProject
Project("{9A19103F-16F7-4668-BE54-9A1E7A4F7556}") = "Frank.TorrentClient.Tests", "Frank.TorrentClient.Tests\Frank.TorrentClient.Tests.csproj", "{101D0A7B-E481-4338-86B1-056A79C5AF76}"
EndProject
Project("{2150E333-8FDC-42A3-9474-1A3956D46DE8}") = "Solution Items", "Solution Items", "{0E88F328-FE39-4E67-958F-6B015D22F4B9}"
	ProjectSection(SolutionItems) = preProject
		.editorconfig = .editorconfig
		.gitignore = .gitignore
		cleanup.ps1 = cleanup.ps1
		LICENSE = LICENSE
		nuget.config = nuget.config
		publish-cli.ps1 = publish-cli.ps1
		publish-nuget.ps1 = publish-nuget.ps1
		README.md = README.md
		test-cli.ps1 = test-cli.ps1
	EndProjectSection
EndProject
Project("{FAE04EC0-301F-11D3-BF4B-00C04F79EFBC}") = "Frank.TorrentClient.Gui", "Frank.TorrentClient.Gui\Frank.TorrentClient.Gui.csproj", "{2E5C9DD8-D7D1-4BEB-B955-DAC4B41CF42C}"
EndProject
Project("{FAE04EC0-301F-11D3-BF4B-00C04F79EFBC}") = "Frank.TorrentClient.Search", "Frank.TorrentClient.Search\Frank.TorrentClient.Search.csproj", "{028F26E1-DC12-4BC9-AD3F-697D27BD8994}"
EndProject
Project("{FAE04EC0-301F-11D3-BF4B-00C04F79EFBC}") = "Frank.TorrentClient.Service", "Frank.TorrentClient.Service\Frank.TorrentClient.Service.csproj", "{2090101B-32B8-4457-9AAE-245E0663A4E6}"
EndProject
Project("{FAE04EC0-301F-11D3-BF4B-00C04F79EFBC}") = "Frank.TorrentClient.Gui2", "Frank.TorrentClient.Gui2\Frank.TorrentClient.Gui2.csproj", "{16F488DC-94CF-44C2-8E83-F6FACDFB1143}"
EndProject
Global
	GlobalSection(SolutionConfigurationPlatforms) = preSolution
		Debug|Any CPU = Debug|Any CPU
		Release|Any CPU = Release|Any CPU
	EndGlobalSection
	GlobalSection(ProjectConfigurationPlatforms) = postSolution
		{5C1F9155-4E73-4278-B64C-3DFD264800DA}.Debug|Any CPU.ActiveCfg = Debug|Any CPU
		{5C1F9155-4E73-4278-B64C-3DFD264800DA}.Debug|Any CPU.Build.0 = Debug|Any CPU
		{5C1F9155-4E73-4278-B64C-3DFD264800DA}.Release|Any CPU.ActiveCfg = Release|Any CPU
		{5C1F9155-4E73-4278-B64C-3DFD264800DA}.Release|Any CPU.Build.0 = Release|Any CPU
		{C4F2E7D2-8510-49F2-9858-A1A4CD389D1D}.Debug|Any CPU.ActiveCfg = Debug|Any CPU
		{C4F2E7D2-8510-49F2-9858-A1A4CD389D1D}.Debug|Any CPU.Build.0 = Debug|Any CPU
		{C4F2E7D2-8510-49F2-9858-A1A4CD389D1D}.Release|Any CPU.ActiveCfg = Release|Any CPU
		{C4F2E7D2-8510-49F2-9858-A1A4CD389D1D}.Release|Any CPU.Build.0 = Release|Any CPU
		{101D0A7B-E481-4338-86B1-056A79C5AF76}.Debug|Any CPU.ActiveCfg = Debug|Any CPU
		{101D0A7B-E481-4338-86B1-056A79C5AF76}.Debug|Any CPU.Build.0 = Debug|Any CPU
		{101D0A7B-E481-4338-86B1-056A79C5AF76}.Release|Any CPU.ActiveCfg = Release|Any CPU
		{101D0A7B-E481-4338-86B1-056A79C5AF76}.Release|Any CPU.Build.0 = Release|Any CPU
		{2E5C9DD8-D7D1-4BEB-B955-DAC4B41CF42C}.Debug|Any CPU.ActiveCfg = Debug|Any CPU
		{2E5C9DD8-D7D1-4BEB-B955-DAC4B41CF42C}.Debug|Any CPU.Build.0 = Debug|Any CPU
		{2E5C9DD8-D7D1-4BEB-B955-DAC4B41CF42C}.Release|Any CPU.ActiveCfg = Release|Any CPU
		{2E5C9DD8-D7D1-4BEB-B955-DAC4B41CF42C}.Release|Any CPU.Build.0 = Release|Any CPU
		{028F26E1-DC12-4BC9-AD3F-697D27BD8994}.Debug|Any CPU.ActiveCfg = Debug|Any CPU
		{028F26E1-DC12-4BC9-AD3F-697D27BD8994}.Debug|Any CPU.Build.0 = Debug|Any CPU
		{028F26E1-DC12-4BC9-AD3F-697D27BD8994}.Release|Any CPU.ActiveCfg = Release|Any CPU
		{028F26E1-DC12-4BC9-AD3F-697D27BD8994}.Release|Any CPU.Build.0 = Release|Any CPU
		{2090101B-32B8-4457-9AAE-245E0663A4E6}.Debug|Any CPU.ActiveCfg = Debug|Any CPU
		{2090101B-32B8-4457-9AAE-245E0663A4E6}.Debug|Any CPU.Build.0 = Debug|Any CPU
		{2090101B-32B8-4457-9AAE-245E0663A4E6}.Release|Any CPU.ActiveCfg = Release|Any CPU
		{2090101B-32B8-4457-9AAE-245E0663A4E6}.Release|Any CPU.Build.0 = Release|Any CPU
		{16F488DC-94CF-44C2-8E83-F6FACDFB1143}.Debug|Any CPU.ActiveCfg = Debug|Any CPU
		{16F488DC-94CF-44C2-8E83-F6FACDFB1143}.Debug|Any CPU.Build.0 = Debug|Any CPU
		{16F488DC-94CF-44C2-8E83-F6FACDFB1143}.Release|Any CPU.ActiveCfg = Release|Any CPU
		{16F488DC-94CF-44C2-8E83-F6FACDFB1143}.Release|Any CPU.Build.0 = Release|Any CPU
	EndGlobalSection
	GlobalSection(SolutionProperties) = preSolution
		HideSolutionNode = FALSE
	EndGlobalSection
	GlobalSection(ExtensibilityGlobals) = postSolution
		SolutionGuid = {1CF764CD-A362-4FD1-9E2F-1D33D5E17802}
	EndGlobalSection
EndGlobal
